
Microsoft Visual Studio Solution File, Format Version 12.00
# Visual Studio Version 16
VisualStudioVersion = 16.0.29827.131
MinimumVisualStudioVersion = 10.0.40219.1
Project("{9A19103F-16F7-4668-BE54-9A1E7A4F7556}") = "Basic", "Basic\Basic.csproj", "{BA5D3FE2-99C1-49C1-B6B8-9647ECB5BD97}"
EndProject
Project("{9A19103F-16F7-4668-BE54-9A1E7A4F7556}") = "Utils", "Utils\Utils.csproj", "{A167BF74-6ABE-4D66-9865-AE6EF774E674}"
EndProject
Project("{FAE04EC0-301F-11D3-BF4B-00C04F79EFBC}") = "WebAPI", "WebAPI\WebAPI.csproj", "{A97B01DF-C4A3-4963-9D13-38248143A31E}"
EndProject
Global
	GlobalSection(SolutionConfigurationPlatforms) = preSolution
		Debug|Any CPU = Debug|Any CPU
		Release|Any CPU = Release|Any CPU
	EndGlobalSection
	GlobalSection(ProjectConfigurationPlatforms) = postSolution
		{BA5D3FE2-99C1-49C1-B6B8-9647ECB5BD97}.Debug|Any CPU.ActiveCfg = Debug|Any CPU
		{BA5D3FE2-99C1-49C1-B6B8-9647ECB5BD97}.Debug|Any CPU.Build.0 = Debug|Any CPU
		{BA5D3FE2-99C1-49C1-B6B8-9647ECB5BD97}.Release|Any CPU.ActiveCfg = Release|Any CPU
		{BA5D3FE2-99C1-49C1-B6B8-9647ECB5BD97}.Release|Any CPU.Build.0 = Release|Any CPU
		{A167BF74-6ABE-4D66-9865-AE6EF774E674}.Debug|Any CPU.ActiveCfg = Debug|Any CPU
		{A167BF74-6ABE-4D66-9865-AE6EF774E674}.Debug|Any CPU.Build.0 = Debug|Any CPU
		{A167BF74-6ABE-4D66-9865-AE6EF774E674}.Release|Any CPU.ActiveCfg = Release|Any CPU
		{A167BF74-6ABE-4D66-9865-AE6EF774E674}.Release|Any CPU.Build.0 = Release|Any CPU
		{A97B01DF-C4A3-4963-9D13-38248143A31E}.Debug|Any CPU.ActiveCfg = Debug|Any CPU
		{A97B01DF-C4A3-4963-9D13-38248143A31E}.Debug|Any CPU.Build.0 = Debug|Any CPU
		{A97B01DF-C4A3-4963-9D13-38248143A31E}.Release|Any CPU.ActiveCfg = Release|Any CPU
		{A97B01DF-C4A3-4963-9D13-38248143A31E}.Release|Any CPU.Build.0 = Release|Any CPU
	EndGlobalSection
	GlobalSection(SolutionProperties) = preSolution
		HideSolutionNode = FALSE
	EndGlobalSection
	GlobalSection(ExtensibilityGlobals) = postSolution
		SolutionGuid = {A742E14E-7335-43E5-91BD-4406CBDD8E93}
	EndGlobalSection
EndGlobal
